github.com/go-chi/chi/v5 v5.2.3 h1:WQIt9uxdsAbgIYgid+BpYc+liqQZGMHRaUwp0JUcvdE=
github.com/go-chi/chi/v5 v5.2.3/go.mod h1:L2yAIGWB3H+phAw1NxKwWM+7eUH/lU8pOMm5hHcoops=
github.com/joho/godotenv v1.5.1 h1:7eLL/+HRGLY0ldzfGMeQkb7vMd0as4CfYvUVzLqw0N0=
github.com/joho/godotenv v1.5.1/go.mod h1:f4LDr5Voq0i2e/R5DDNOoa2zzDfwtkZa6DnEwAbqwq4=
go.openfort.xyz/shield v0.2.18 h1:gWQaYsmESwi4s2rBjhpMNyXdpz83uoQAGCdfBLnqr54=
go.openfort.xyz/shield v0.2.18/go.mod h1:Egh2yneuRkbc8FV6A+EWAUUxRAJwY1wNLSxW7ATE/j0=
